
Microsoft Visual Studio Solution File, Format Version 12.00
# Visual Studio Version 17
VisualStudioVersion = 17.7.34031.279
MinimumVisualStudioVersion = 10.0.40219.1
Project("{8BC9CEB8-8B4A-11D0-8D11-00A0C91BC942}") = "PCID", "PCID\PCID.vcxproj", "{E34AF7E0-8D0E-48BD-ABBF-9A5CDF7F1688}"
EndProject
Project("{8BC9CEB8-8B4A-11D0-8D11-00A0C91BC942}") = "Core", "Core\Core.vcxproj", "{3FA44782-BCC0-4834-AEE2-4A5DFB2A6CB0}"
EndProject
Project("{2150E333-8FDC-42A3-9474-1A3956D46DE8}") = "Test", "Test", "{306E01B7-8307-4C50-8E4D-60F8225BC3AB}"
EndProject
Project("{8BC9CEB8-8B4A-11D0-8D11-00A0C91BC942}") = "Common", "Common\Common.vcxproj", "{73BFB3EC-8888-44A7-A0A5-68B8DF5262FF}"
EndProject
Project("{8BC9CEB8-8B4A-11D0-8D11-00A0C91BC942}") = "IO", "IO\IO.vcxproj", "{D3AA80CA-91C1-4E86-AE8E-44AF62D5441C}"
EndProject
Project("{8BC9CEB8-8B4A-11D0-8D11-00A0C91BC942}") = "Unit_Test_000 (IO)", "Test\UnitTest\Unit_Test_000 (IO)\Unit_Test_000 (IO).vcxproj", "{2ED19263-7C77-4185-A763-EE6A4463268F}"
EndProject
Project("{8BC9CEB8-8B4A-11D0-8D11-00A0C91BC942}") = "Unit_Test_001 (Map)", "Test\UnitTest\Unit_Test_001 (Map)\Unit_Test_001 (Map).vcxproj", "{DDAAA035-3C69-43BA-97F7-27CBCAD5CAE7}"
EndProject
Project("{8BC9CEB8-8B4A-11D0-8D11-00A0C91BC942}") = "Alg", "Alg\Alg.vcxproj", "{F772F1E4-D33F-422C-A14A-FBC4BEB9DB6B}"
EndProject
Project("{8BC9CEB8-8B4A-11D0-8D11-00A0C91BC942}") = "Unit_Test_002 (ImageInpainting_PM)", "Test\UnitTest\Unit_Test_002 (ImageInpainting_PM)\Unit_Test_002 (ImageInpainting_PM).vcxproj", "{B0E9F7F5-DD1B-4BB7-9FFC-4213EC02169F}"
EndProject
Project("{8BC9CEB8-8B4A-11D0-8D11-00A0C91BC942}") = "Unit_Test_003 (ImageInpainting)", "Test\UnitTest\Unit_Test_003 (ImageInpainting)\Unit_Test_003 (ImageInpainting).vcxproj", "{A7C33323-2A3F-4BDA-BA7C-A68069C95FA6}"
EndProject
Project("{8BC9CEB8-8B4A-11D0-8D11-00A0C91BC942}") = "Unit_Test_004 (Solver)", "Test\UnitTest\Unit_Test_004 (Solver)\Unit_Test_004 (Solver).vcxproj", "{5784EB75-BF31-4515-BB37-27BCB26838A5}"
EndProject
Project("{8BC9CEB8-8B4A-11D0-8D11-00A0C91BC942}") = "Transaction", "Transaction\Transaction.vcxproj", "{7E1F5DF0-2717-4507-995E-0130E2A3B953}"
EndProject
Project("{8BC9CEB8-8B4A-11D0-8D11-00A0C91BC942}") = "Unit_Test_005 (SolverBuildUp)", "Test\UnitTest\Unit_Test_005 (SolverBuildUp)\Unit_Test_005 (SolverBuildUp).vcxproj", "{E665591C-EF79-462D-96A0-68C8B7D5D12E}"
EndProject
Project("{8BC9CEB8-8B4A-11D0-8D11-00A0C91BC942}") = "Unit_Test_006 (HeightMapGenerator)", "Test\UnitTest\Unit_Test_006 (HeightMapGenerator)\Unit_Test_006 (HeightMapGenerator).vcxproj", "{F21015D3-2AAB-431C-A648-37E7CEE33B81}"
EndProject
Global
	GlobalSection(SolutionConfigurationPlatforms) = preSolution
		Debug|x64 = Debug|x64
		Debug|x86 = Debug|x86
		Release|x64 = Release|x64
		Release|x86 = Release|x86
	EndGlobalSection
	GlobalSection(ProjectConfigurationPlatforms) = postSolution
		{E34AF7E0-8D0E-48BD-ABBF-9A5CDF7F1688}.Debug|x64.ActiveCfg = Debug|x64
		{E34AF7E0-8D0E-48BD-ABBF-9A5CDF7F1688}.Debug|x64.Build.0 = Debug|x64
		{E34AF7E0-8D0E-48BD-ABBF-9A5CDF7F1688}.Debug|x86.ActiveCfg = Debug|Win32
		{E34AF7E0-8D0E-48BD-ABBF-9A5CDF7F1688}.Debug|x86.Build.0 = Debug|Win32
		{E34AF7E0-8D0E-48BD-ABBF-9A5CDF7F1688}.Release|x64.ActiveCfg = Release|x64
		{E34AF7E0-8D0E-48BD-ABBF-9A5CDF7F1688}.Release|x64.Build.0 = Release|x64
		{E34AF7E0-8D0E-48BD-ABBF-9A5CDF7F1688}.Release|x86.ActiveCfg = Release|Win32
		{E34AF7E0-8D0E-48BD-ABBF-9A5CDF7F1688}.Release|x86.Build.0 = Release|Win32
		{3FA44782-BCC0-4834-AEE2-4A5DFB2A6CB0}.Debug|x64.ActiveCfg = Debug|x64
		{3FA44782-BCC0-4834-AEE2-4A5DFB2A6CB0}.Debug|x64.Build.0 = Debug|x64
		{3FA44782-BCC0-4834-AEE2-4A5DFB2A6CB0}.Debug|x86.ActiveCfg = Debug|Win32
		{3FA44782-BCC0-4834-AEE2-4A5DFB2A6CB0}.Debug|x86.Build.0 = Debug|Win32
		{3FA44782-BCC0-4834-AEE2-4A5DFB2A6CB0}.Release|x64.ActiveCfg = Release|x64
		{3FA44782-BCC0-4834-AEE2-4A5DFB2A6CB0}.Release|x64.Build.0 = Release|x64
		{3FA44782-BCC0-4834-AEE2-4A5DFB2A6CB0}.Release|x86.ActiveCfg = Release|Win32
		{3FA44782-BCC0-4834-AEE2-4A5DFB2A6CB0}.Release|x86.Build.0 = Release|Win32
		{73BFB3EC-8888-44A7-A0A5-68B8DF5262FF}.Debug|x64.ActiveCfg = Debug|x64
		{73BFB3EC-8888-44A7-A0A5-68B8DF5262FF}.Debug|x64.Build.0 = Debug|x64
		{73BFB3EC-8888-44A7-A0A5-68B8DF5262FF}.Debug|x86.ActiveCfg = Debug|Win32
		{73BFB3EC-8888-44A7-A0A5-68B8DF5262FF}.Debug|x86.Build.0 = Debug|Win32
		{73BFB3EC-8888-44A7-A0A5-68B8DF5262FF}.Release|x64.ActiveCfg = Release|x64
		{73BFB3EC-8888-44A7-A0A5-68B8DF5262FF}.Release|x64.Build.0 = Release|x64
		{73BFB3EC-8888-44A7-A0A5-68B8DF5262FF}.Release|x86.ActiveCfg = Release|Win32
		{73BFB3EC-8888-44A7-A0A5-68B8DF5262FF}.Release|x86.Build.0 = Release|Win32
		{D3AA80CA-91C1-4E86-AE8E-44AF62D5441C}.Debug|x64.ActiveCfg = Debug|x64
		{D3AA80CA-91C1-4E86-AE8E-44AF62D5441C}.Debug|x64.Build.0 = Debug|x64
		{D3AA80CA-91C1-4E86-AE8E-44AF62D5441C}.Debug|x86.ActiveCfg = Debug|Win32
		{D3AA80CA-91C1-4E86-AE8E-44AF62D5441C}.Debug|x86.Build.0 = Debug|Win32
		{D3AA80CA-91C1-4E86-AE8E-44AF62D5441C}.Release|x64.ActiveCfg = Release|x64
		{D3AA80CA-91C1-4E86-AE8E-44AF62D5441C}.Release|x64.Build.0 = Release|x64
		{D3AA80CA-91C1-4E86-AE8E-44AF62D5441C}.Release|x86.ActiveCfg = Release|Win32
		{D3AA80CA-91C1-4E86-AE8E-44AF62D5441C}.Release|x86.Build.0 = Release|Win32
		{2ED19263-7C77-4185-A763-EE6A4463268F}.Debug|x64.ActiveCfg = Debug|x64
		{2ED19263-7C77-4185-A763-EE6A4463268F}.Debug|x64.Build.0 = Debug|x64
		{2ED19263-7C77-4185-A763-EE6A4463268F}.Debug|x86.ActiveCfg = Debug|Win32
		{2ED19263-7C77-4185-A763-EE6A4463268F}.Debug|x86.Build.0 = Debug|Win32
		{2ED19263-7C77-4185-A763-EE6A4463268F}.Release|x64.ActiveCfg = Release|x64
		{2ED19263-7C77-4185-A763-EE6A4463268F}.Release|x64.Build.0 = Release|x64
		{2ED19263-7C77-4185-A763-EE6A4463268F}.Release|x86.ActiveCfg = Release|Win32
		{2ED19263-7C77-4185-A763-EE6A4463268F}.Release|x86.Build.0 = Release|Win32
		{DDAAA035-3C69-43BA-97F7-27CBCAD5CAE7}.Debug|x64.ActiveCfg = Debug|x64
		{DDAAA035-3C69-43BA-97F7-27CBCAD5CAE7}.Debug|x64.Build.0 = Debug|x64
		{DDAAA035-3C69-43BA-97F7-27CBCAD5CAE7}.Debug|x86.ActiveCfg = Debug|Win32
		{DDAAA035-3C69-43BA-97F7-27CBCAD5CAE7}.Debug|x86.Build.0 = Debug|Win32
		{DDAAA035-3C69-43BA-97F7-27CBCAD5CAE7}.Release|x64.ActiveCfg = Release|x64
		{DDAAA035-3C69-43BA-97F7-27CBCAD5CAE7}.Release|x64.Build.0 = Release|x64
		{DDAAA035-3C69-43BA-97F7-27CBCAD5CAE7}.Release|x86.ActiveCfg = Release|Win32
		{DDAAA035-3C69-43BA-97F7-27CBCAD5CAE7}.Release|x86.Build.0 = Release|Win32
		{F772F1E4-D33F-422C-A14A-FBC4BEB9DB6B}.Debug|x64.ActiveCfg = Debug|x64
		{F772F1E4-D33F-422C-A14A-FBC4BEB9DB6B}.Debug|x64.Build.0 = Debug|x64
		{F772F1E4-D33F-422C-A14A-FBC4BEB9DB6B}.Debug|x86.ActiveCfg = Debug|Win32
		{F772F1E4-D33F-422C-A14A-FBC4BEB9DB6B}.Debug|x86.Build.0 = Debug|Win32
		{F772F1E4-D33F-422C-A14A-FBC4BEB9DB6B}.Release|x64.ActiveCfg = Release|x64
		{F772F1E4-D33F-422C-A14A-FBC4BEB9DB6B}.Release|x64.Build.0 = Release|x64
		{F772F1E4-D33F-422C-A14A-FBC4BEB9DB6B}.Release|x86.ActiveCfg = Release|Win32
		{F772F1E4-D33F-422C-A14A-FBC4BEB9DB6B}.Release|x86.Build.0 = Release|Win32
		{B0E9F7F5-DD1B-4BB7-9FFC-4213EC02169F}.Debug|x64.ActiveCfg = Debug|x64
		{B0E9F7F5-DD1B-4BB7-9FFC-4213EC02169F}.Debug|x64.Build.0 = Debug|x64
		{B0E9F7F5-DD1B-4BB7-9FFC-4213EC02169F}.Debug|x86.ActiveCfg = Debug|Win32
		{B0E9F7F5-DD1B-4BB7-9FFC-4213EC02169F}.Debug|x86.Build.0 = Debug|Win32
		{B0E9F7F5-DD1B-4BB7-9FFC-4213EC02169F}.Release|x64.ActiveCfg = Release|x64
		{B0E9F7F5-DD1B-4BB7-9FFC-4213EC02169F}.Release|x64.Build.0 = Release|x64
		{B0E9F7F5-DD1B-4BB7-9FFC-4213EC02169F}.Release|x86.ActiveCfg = Release|Win32
		{B0E9F7F5-DD1B-4BB7-9FFC-4213EC02169F}.Release|x86.Build.0 = Release|Win32
		{A7C33323-2A3F-4BDA-BA7C-A68069C95FA6}.Debug|x64.ActiveCfg = Debug|x64
		{A7C33323-2A3F-4BDA-BA7C-A68069C95FA6}.Debug|x64.Build.0 = Debug|x64
		{A7C33323-2A3F-4BDA-BA7C-A68069C95FA6}.Debug|x86.ActiveCfg = Debug|Win32
		{A7C33323-2A3F-4BDA-BA7C-A68069C95FA6}.Debug|x86.Build.0 = Debug|Win32
		{A7C33323-2A3F-4BDA-BA7C-A68069C95FA6}.Release|x64.ActiveCfg = Release|x64
		{A7C33323-2A3F-4BDA-BA7C-A68069C95FA6}.Release|x64.Build.0 = Release|x64
		{A7C33323-2A3F-4BDA-BA7C-A68069C95FA6}.Release|x86.ActiveCfg = Release|Win32
		{A7C33323-2A3F-4BDA-BA7C-A68069C95FA6}.Release|x86.Build.0 = Release|Win32
		{5784EB75-BF31-4515-BB37-27BCB26838A5}.Debug|x64.ActiveCfg = Debug|x64
		{5784EB75-BF31-4515-BB37-27BCB26838A5}.Debug|x64.Build.0 = Debug|x64
		{5784EB75-BF31-4515-BB37-27BCB26838A5}.Debug|x86.ActiveCfg = Debug|Win32
		{5784EB75-BF31-4515-BB37-27BCB26838A5}.Debug|x86.Build.0 = Debug|Win32
		{5784EB75-BF31-4515-BB37-27BCB26838A5}.Release|x64.ActiveCfg = Release|x64
		{5784EB75-BF31-4515-BB37-27BCB26838A5}.Release|x64.Build.0 = Release|x64
		{5784EB75-BF31-4515-BB37-27BCB26838A5}.Release|x86.ActiveCfg = Release|Win32
		{5784EB75-BF31-4515-BB37-27BCB26838A5}.Release|x86.Build.0 = Release|Win32
		{7E1F5DF0-2717-4507-995E-0130E2A3B953}.Debug|x64.ActiveCfg = Debug|x64
		{7E1F5DF0-2717-4507-995E-0130E2A3B953}.Debug|x64.Build.0 = Debug|x64
		{7E1F5DF0-2717-4507-995E-0130E2A3B953}.Debug|x86.ActiveCfg = Debug|Win32
		{7E1F5DF0-2717-4507-995E-0130E2A3B953}.Debug|x86.Build.0 = Debug|Win32
		{7E1F5DF0-2717-4507-995E-0130E2A3B953}.Release|x64.ActiveCfg = Release|x64
		{7E1F5DF0-2717-4507-995E-0130E2A3B953}.Release|x64.Build.0 = Release|x64
		{7E1F5DF0-2717-4507-995E-0130E2A3B953}.Release|x86.ActiveCfg = Release|Win32
		{7E1F5DF0-2717-4507-995E-0130E2A3B953}.Release|x86.Build.0 = Release|Win32
		{E665591C-EF79-462D-96A0-68C8B7D5D12E}.Debug|x64.ActiveCfg = Debug|x64
		{E665591C-EF79-462D-96A0-68C8B7D5D12E}.Debug|x64.Build.0 = Debug|x64
		{E665591C-EF79-462D-96A0-68C8B7D5D12E}.Debug|x86.ActiveCfg = Debug|Win32
		{E665591C-EF79-462D-96A0-68C8B7D5D12E}.Debug|x86.Build.0 = Debug|Win32
		{E665591C-EF79-462D-96A0-68C8B7D5D12E}.Release|x64.ActiveCfg = Release|x64
		{E665591C-EF79-462D-96A0-68C8B7D5D12E}.Release|x64.Build.0 = Release|x64
		{E665591C-EF79-462D-96A0-68C8B7D5D12E}.Release|x86.ActiveCfg = Release|Win32
		{E665591C-EF79-462D-96A0-68C8B7D5D12E}.Release|x86.Build.0 = Release|Win32
		{F21015D3-2AAB-431C-A648-37E7CEE33B81}.Debug|x64.ActiveCfg = Debug|x64
		{F21015D3-2AAB-431C-A648-37E7CEE33B81}.Debug|x64.Build.0 = Debug|x64
		{F21015D3-2AAB-431C-A648-37E7CEE33B81}.Debug|x86.ActiveCfg = Debug|Win32
		{F21015D3-2AAB-431C-A648-37E7CEE33B81}.Debug|x86.Build.0 = Debug|Win32
		{F21015D3-2AAB-431C-A648-37E7CEE33B81}.Release|x64.ActiveCfg = Release|x64
		{F21015D3-2AAB-431C-A648-37E7CEE33B81}.Release|x64.Build.0 = Release|x64
		{F21015D3-2AAB-431C-A648-37E7CEE33B81}.Release|x86.ActiveCfg = Release|Win32
		{F21015D3-2AAB-431C-A648-37E7CEE33B81}.Release|x86.Build.0 = Release|Win32
	EndGlobalSection
	GlobalSection(SolutionProperties) = preSolution
		HideSolutionNode = FALSE
	EndGlobalSection
	GlobalSection(NestedProjects) = preSolution
		{2ED19263-7C77-4185-A763-EE6A4463268F} = {306E01B7-8307-4C50-8E4D-60F8225BC3AB}
		{DDAAA035-3C69-43BA-97F7-27CBCAD5CAE7} = {306E01B7-8307-4C50-8E4D-60F8225BC3AB}
		{B0E9F7F5-DD1B-4BB7-9FFC-4213EC02169F} = {306E01B7-8307-4C50-8E4D-60F8225BC3AB}
		{A7C33323-2A3F-4BDA-BA7C-A68069C95FA6} = {306E01B7-8307-4C50-8E4D-60F8225BC3AB}
		{5784EB75-BF31-4515-BB37-27BCB26838A5} = {306E01B7-8307-4C50-8E4D-60F8225BC3AB}
		{E665591C-EF79-462D-96A0-68C8B7D5D12E} = {306E01B7-8307-4C50-8E4D-60F8225BC3AB}
		{F21015D3-2AAB-431C-A648-37E7CEE33B81} = {306E01B7-8307-4C50-8E4D-60F8225BC3AB}
	EndGlobalSection
	GlobalSection(ExtensibilityGlobals) = postSolution
		SolutionGuid = {DE45C7B0-A4C3-404D-BA33-9AA654421939}
	EndGlobalSection
EndGlobal
