<?xml version="1.0" encoding="utf-8"?>
<Project ToolsVersion="4.0" xmlns="http://schemas.microsoft.com/developer/msbuild/2003">
  <ItemGroup>
    <Filter Include="PointCloud">
      <UniqueIdentifier>{fc57bed3-b141-426a-bd39-8a31c3398c20}</UniqueIdentifier>
    </Filter>
    <Filter Include="Map">
      <UniqueIdentifier>{3e5bf8de-8026-417f-801b-eeb732e5374a}</UniqueIdentifier>
    </Filter>
    <Filter Include="Map\HeightMap">
      <UniqueIdentifier>{477084b8-65ad-42e2-ae57-7fced6c51dfc}</UniqueIdentifier>
    </Filter>
    <Filter Include="PCH">
      <UniqueIdentifier>{620bc4e0-9325-4aa7-9dce-4e72df82b503}</UniqueIdentifier>
    </Filter>
    <Filter Include="Map\GradientMap">
      <UniqueIdentifier>{1db79a96-38b5-465c-8a5b-717ea907a2eb}</UniqueIdentifier>
    </Filter>
    <Filter Include="Map\MaskMap">
      <UniqueIdentifier>{eca9e3d6-05ff-4b5c-abfa-bfee5317b372}</UniqueIdentifier>
    </Filter>
    <Filter Include="Solver">
      <UniqueIdentifier>{41c0914f-dd42-4b58-b85c-f3b73d643eca}</UniqueIdentifier>
    </Filter>
    <Filter Include="PointCloud\Box">
      <UniqueIdentifier>{c649a044-e4d0-48bb-8698-262383ce6d23}</UniqueIdentifier>
    </Filter>
    <Filter Include="Map\Util">
      <UniqueIdentifier>{529fd7f1-4c6a-4b7c-a3e8-fafa22905e83}</UniqueIdentifier>
    </Filter>
    <Filter Include="PointCloud\Util">
      <UniqueIdentifier>{3893e386-7cf6-47b3-9a49-c5d4405a2924}</UniqueIdentifier>
    </Filter>
    <Filter Include="PointCloud\HeightMap">
      <UniqueIdentifier>{c818ed0f-c959-4c20-982c-89c630866478}</UniqueIdentifier>
    </Filter>
    <Filter Include="Map\Wrapper">
      <UniqueIdentifier>{ebf4e153-739e-4be0-8af3-325ca39a0eea}</UniqueIdentifier>
    </Filter>
  </ItemGroup>
  <ItemGroup>
    <ClCompile Include="HeightMap.cpp">
      <Filter>Map\HeightMap</Filter>
    </ClCompile>
    <ClCompile Include="pch.cpp">
      <Filter>PCH</Filter>
    </ClCompile>
    <ClCompile Include="GradientMap.cpp">
      <Filter>Map\GradientMap</Filter>
    </ClCompile>
    <ClCompile Include="MaskMap.cpp">
      <Filter>Map\MaskMap</Filter>
    </ClCompile>
    <ClCompile Include="SparseLinearSolver.cpp">
      <Filter>Solver</Filter>
    </ClCompile>
    <ClCompile Include="SolverBuilder.cpp">
      <Filter>Solver</Filter>
    </ClCompile>
    <ClCompile Include="PointCloudUtil.cpp" />
    <ClCompile Include="MapUtil.cpp">
      <Filter>Map\Util</Filter>
    </ClCompile>
    <ClCompile Include="HeightMapGenerator.cpp">
      <Filter>PointCloud\HeightMap</Filter>
    </ClCompile>
  </ItemGroup>
  <ItemGroup>
    <ClInclude Include="HeightMap.h">
      <Filter>Map\HeightMap</Filter>
    </ClInclude>
    <ClInclude Include="Map.hpp">
      <Filter>Map</Filter>
    </ClInclude>
    <ClInclude Include="pch.h">
      <Filter>PCH</Filter>
    </ClInclude>
    <ClInclude Include="framework.h">
      <Filter>PCH</Filter>
    </ClInclude>
    <ClInclude Include="GradientMap.h">
      <Filter>Map\GradientMap</Filter>
    </ClInclude>
    <ClInclude Include="MaskMap.h">
      <Filter>Map\MaskMap</Filter>
    </ClInclude>
    <ClInclude Include="SparseLinearSolver.h">
      <Filter>Solver</Filter>
    </ClInclude>
    <ClInclude Include="SolverBuilder.h">
      <Filter>Solver</Filter>
    </ClInclude>
    <ClInclude Include="AABB.h">
      <Filter>PointCloud\Box</Filter>
    </ClInclude>
    <ClInclude Include="MapUtil.h">
      <Filter>Map\Util</Filter>
    </ClInclude>
    <ClInclude Include="PointCloudUtil.h">
      <Filter>PointCloud\Util</Filter>
    </ClInclude>
    <ClInclude Include="HeightMapGenerator.h">
      <Filter>PointCloud\HeightMap</Filter>
    </ClInclude>
    <ClInclude Include="MapWrapper.h">
      <Filter>Map\Wrapper</Filter>
    </ClInclude>
  </ItemGroup>
</Project>