<?xml version="1.0" encoding="utf-8"?>
<Project ToolsVersion="4.0" xmlns="http://schemas.microsoft.com/developer/msbuild/2003">
  <ItemGroup>
    <ClInclude Include="GlobalValue.h" />
    <ClInclude Include="MathUtil.h">
      <Filter>Util</Filter>
    </ClInclude>
    <ClInclude Include="IOUtil.h">
      <Filter>Util</Filter>
    </ClInclude>
    <ClInclude Include="PointCloudUtil.h">
      <Filter>Util</Filter>
    </ClInclude>
    <ClInclude Include="Common.h" />
    <ClInclude Include="BasicMath.h" />
    <ClInclude Include="magic_enum.hpp">
      <Filter>Enum</Filter>
    </ClInclude>
    <ClInclude Include="PointCloudType.h">
      <Filter>PointCloud</Filter>
    </ClInclude>
  </ItemGroup>
  <ItemGroup>
    <ClCompile Include="PointCloudType.cpp">
      <Filter>PointCloud</Filter>
    </ClCompile>
    <ClCompile Include="MathUtil.cpp">
      <Filter>Util</Filter>
    </ClCompile>
  </ItemGroup>
  <ItemGroup>
    <Filter Include="Util">
      <UniqueIdentifier>{3123144d-50cc-466c-bb71-8db28adaeb53}</UniqueIdentifier>
    </Filter>
    <Filter Include="Enum">
      <UniqueIdentifier>{fa3a7224-8c44-4a6a-8e7d-de85e4d4a176}</UniqueIdentifier>
    </Filter>
    <Filter Include="PointCloud">
      <UniqueIdentifier>{2338ea25-11b7-47ac-b96a-f1fdbce6bc38}</UniqueIdentifier>
    </Filter>
  </ItemGroup>
</Project>